// !$*UTF8*$!
{
	archiveVersion = 1;
	classes = {
	};
	objectVersion = 46;
	objects = {

/* Begin PBXBuildFile section */
		408D39751BACA1FA00C5608B /* ClarifaiApiDemoTests.m in Sources */ = {isa = PBXBuildFile; fileRef = 408D39741BACA1FA00C5608B /* ClarifaiApiDemoTests.m */; };
		8BDB2DC31CA860410091DFAF /* AppDelegate.m in Sources */ = {isa = PBXBuildFile; fileRef = 8BDB2D941CA860410091DFAF /* AppDelegate.m */; };
		8BDB2DC41CA860410091DFAF /* LaunchScreen.xib in Resources */ = {isa = PBXBuildFile; fileRef = 8BDB2D951CA860410091DFAF /* LaunchScreen.xib */; };
		8BDB2DC51CA860410091DFAF /* Main.storyboard in Resources */ = {isa = PBXBuildFile; fileRef = 8BDB2D971CA860410091DFAF /* Main.storyboard */; };
		8BDB2DC61CA860410091DFAF /* ClarifaiClient.m in Sources */ = {isa = PBXBuildFile; fileRef = 8BDB2D9B1CA860410091DFAF /* ClarifaiClient.m */; };
		8BDB2DC71CA860410091DFAF /* Credentials.swift in Sources */ = {isa = PBXBuildFile; fileRef = 8BDB2D9C1CA860410091DFAF /* Credentials.swift */; };
		8BDB2DC81CA860410091DFAF /* Food.swift in Sources */ = {isa = PBXBuildFile; fileRef = 8BDB2D9D1CA860410091DFAF /* Food.swift */; };
		8BDB2DC91CA860410091DFAF /* Images.xcassets in Resources */ = {isa = PBXBuildFile; fileRef = 8BDB2D9E1CA860410091DFAF /* Images.xcassets */; };
		8BDB2DCA1CA860410091DFAF /* Info.plist in Resources */ = {isa = PBXBuildFile; fileRef = 8BDB2D9F1CA860410091DFAF /* Info.plist */; };
		8BDB2DCB1CA860410091DFAF /* main.m in Sources */ = {isa = PBXBuildFile; fileRef = 8BDB2DA01CA860410091DFAF /* main.m */; };
		8BDB2DCC1CA860410091DFAF /* RecognitionVC.swift in Sources */ = {isa = PBXBuildFile; fileRef = 8BDB2DA11CA860410091DFAF /* RecognitionVC.swift */; };
		8BDB2DCD1CA860410091DFAF /* RecognitionViewController.m in Sources */ = {isa = PBXBuildFile; fileRef = 8BDB2DA31CA860410091DFAF /* RecognitionViewController.m */; };
		8BDB2DCE1CA860410091DFAF /* AsyncButton.swift in Sources */ = {isa = PBXBuildFile; fileRef = 8BDB2DA51CA860410091DFAF /* AsyncButton.swift */; };
		8BDB2DCF1CA860410091DFAF /* AsyncImageView.swift in Sources */ = {isa = PBXBuildFile; fileRef = 8BDB2DA61CA860410091DFAF /* AsyncImageView.swift */; };
		8BDB2DD01CA860410091DFAF /* AutoTextView.swift in Sources */ = {isa = PBXBuildFile; fileRef = 8BDB2DA71CA860410091DFAF /* AutoTextView.swift */; };
		8BDB2DD11CA860410091DFAF /* BlurView.swift in Sources */ = {isa = PBXBuildFile; fileRef = 8BDB2DA81CA860410091DFAF /* BlurView.swift */; };
		8BDB2DD21CA860410091DFAF /* DesignableButton.swift in Sources */ = {isa = PBXBuildFile; fileRef = 8BDB2DA91CA860410091DFAF /* DesignableButton.swift */; };
		8BDB2DD31CA860410091DFAF /* DesignableImageView.swift in Sources */ = {isa = PBXBuildFile; fileRef = 8BDB2DAA1CA860410091DFAF /* DesignableImageView.swift */; };
		8BDB2DD41CA860410091DFAF /* DesignableLabel.swift in Sources */ = {isa = PBXBuildFile; fileRef = 8BDB2DAB1CA860410091DFAF /* DesignableLabel.swift */; };
		8BDB2DD51CA860410091DFAF /* DesignableTabBarController.swift in Sources */ = {isa = PBXBuildFile; fileRef = 8BDB2DAC1CA860410091DFAF /* DesignableTabBarController.swift */; };
		8BDB2DD61CA860410091DFAF /* DesignableTextField.swift in Sources */ = {isa = PBXBuildFile; fileRef = 8BDB2DAD1CA860410091DFAF /* DesignableTextField.swift */; };
		8BDB2DD71CA860410091DFAF /* DesignableTextView.swift in Sources */ = {isa = PBXBuildFile; fileRef = 8BDB2DAE1CA860410091DFAF /* DesignableTextView.swift */; };
		8BDB2DD81CA860410091DFAF /* DesignableView.swift in Sources */ = {isa = PBXBuildFile; fileRef = 8BDB2DAF1CA860410091DFAF /* DesignableView.swift */; };
		8BDB2DD91CA860410091DFAF /* FridgeVC.swift in Sources */ = {isa = PBXBuildFile; fileRef = 8BDB2DB01CA860410091DFAF /* FridgeVC.swift */; };
		8BDB2DDA1CA860410091DFAF /* ImageLoader.swift in Sources */ = {isa = PBXBuildFile; fileRef = 8BDB2DB11CA860410091DFAF /* ImageLoader.swift */; };
		8BDB2DDB1CA860410091DFAF /* Info.plist in Resources */ = {isa = PBXBuildFile; fileRef = 8BDB2DB21CA860410091DFAF /* Info.plist */; };
		8BDB2DDC1CA860410091DFAF /* KeyboardLayoutConstraint.swift in Sources */ = {isa = PBXBuildFile; fileRef = 8BDB2DB31CA860410091DFAF /* KeyboardLayoutConstraint.swift */; };
		8BDB2DDD1CA860410091DFAF /* LoadingView.swift in Sources */ = {isa = PBXBuildFile; fileRef = 8BDB2DB41CA860410091DFAF /* LoadingView.swift */; };
		8BDB2DDE1CA860410091DFAF /* LoadingView.xib in Resources */ = {isa = PBXBuildFile; fileRef = 8BDB2DB51CA860410091DFAF /* LoadingView.xib */; };
		8BDB2DDF1CA860410091DFAF /* Misc.swift in Sources */ = {isa = PBXBuildFile; fileRef = 8BDB2DB61CA860410091DFAF /* Misc.swift */; };
		8BDB2DE01CA860410091DFAF /* SoundPlayer.swift in Sources */ = {isa = PBXBuildFile; fileRef = 8BDB2DB71CA860410091DFAF /* SoundPlayer.swift */; };
		8BDB2DE11CA860410091DFAF /* Spring.swift in Sources */ = {isa = PBXBuildFile; fileRef = 8BDB2DB91CA860410091DFAF /* Spring.swift */; };
		8BDB2DE21CA860410091DFAF /* SpringAnimation.swift in Sources */ = {isa = PBXBuildFile; fileRef = 8BDB2DBA1CA860410091DFAF /* SpringAnimation.swift */; };
		8BDB2DE31CA860410091DFAF /* SpringButton.swift in Sources */ = {isa = PBXBuildFile; fileRef = 8BDB2DBB1CA860410091DFAF /* SpringButton.swift */; };
		8BDB2DE41CA860410091DFAF /* SpringImageView.swift in Sources */ = {isa = PBXBuildFile; fileRef = 8BDB2DBC1CA860410091DFAF /* SpringImageView.swift */; };
		8BDB2DE51CA860410091DFAF /* SpringLabel.swift in Sources */ = {isa = PBXBuildFile; fileRef = 8BDB2DBD1CA860410091DFAF /* SpringLabel.swift */; };
		8BDB2DE61CA860410091DFAF /* SpringTextField.swift in Sources */ = {isa = PBXBuildFile; fileRef = 8BDB2DBE1CA860410091DFAF /* SpringTextField.swift */; };
		8BDB2DE71CA860410091DFAF /* SpringTextView.swift in Sources */ = {isa = PBXBuildFile; fileRef = 8BDB2DBF1CA860410091DFAF /* SpringTextView.swift */; };
		8BDB2DE81CA860410091DFAF /* SpringView.swift in Sources */ = {isa = PBXBuildFile; fileRef = 8BDB2DC01CA860410091DFAF /* SpringView.swift */; };
		8BDB2DE91CA860410091DFAF /* UnwindSegue.swift in Sources */ = {isa = PBXBuildFile; fileRef = 8BDB2DC11CA860410091DFAF /* UnwindSegue.swift */; };
		8BDB2DEA1CA860410091DFAF /* SwiftRecognitionViewController.swift in Sources */ = {isa = PBXBuildFile; fileRef = 8BDB2DC21CA860410091DFAF /* SwiftRecognitionViewController.swift */; };
		FC12E59910C87E79C8B871D6 /* Pods_ClarifaiApiDemo.framework in Frameworks */ = {isa = PBXBuildFile; fileRef = 0FC22599E9FCF31EEFE353A4 /* Pods_ClarifaiApiDemo.framework */; };
/* End PBXBuildFile section */

/* Begin PBXContainerItemProxy section */
		408D396F1BACA1FA00C5608B /* PBXContainerItemProxy */ = {
			isa = PBXContainerItemProxy;
			containerPortal = 408D394D1BACA1FA00C5608B /* Project object */;
			proxyType = 1;
			remoteGlobalIDString = 408D39541BACA1FA00C5608B;
			remoteInfo = ClarifaiApiDemo;
		};
/* End PBXContainerItemProxy section */

/* Begin PBXFileReference section */
		0FC22599E9FCF31EEFE353A4 /* Pods_ClarifaiApiDemo.framework */ = {isa = PBXFileReference; explicitFileType = wrapper.framework; includeInIndex = 0; path = Pods_ClarifaiApiDemo.framework; sourceTree = BUILT_PRODUCTS_DIR; };
		210D6046DE03F46F0C90049F /* Pods-ClarifaiApiDemo.debug.xcconfig */ = {isa = PBXFileReference; includeInIndex = 1; lastKnownFileType = text.xcconfig; name = "Pods-ClarifaiApiDemo.debug.xcconfig"; path = "Pods/Target Support Files/Pods-ClarifaiApiDemo/Pods-ClarifaiApiDemo.debug.xcconfig"; sourceTree = "<group>"; };
		2C96310E8AE89EB32A1BF45E /* Pods-ClarifaiApiDemo.release.xcconfig */ = {isa = PBXFileReference; includeInIndex = 1; lastKnownFileType = text.xcconfig; name = "Pods-ClarifaiApiDemo.release.xcconfig"; path = "Pods/Target Support Files/Pods-ClarifaiApiDemo/Pods-ClarifaiApiDemo.release.xcconfig"; sourceTree = "<group>"; };
		408D39551BACA1FA00C5608B /* Foodini.app */ = {isa = PBXFileReference; explicitFileType = wrapper.application; includeInIndex = 0; path = Foodini.app; sourceTree = BUILT_PRODUCTS_DIR; };
		408D396E1BACA1FA00C5608B /* Foodini.xctest */ = {isa = PBXFileReference; explicitFileType = wrapper.cfbundle; includeInIndex = 0; path = Foodini.xctest; sourceTree = BUILT_PRODUCTS_DIR; };
		408D39731BACA1FA00C5608B /* Info.plist */ = {isa = PBXFileReference; lastKnownFileType = text.plist.xml; path = Info.plist; sourceTree = "<group>"; };
		408D39741BACA1FA00C5608B /* ClarifaiApiDemoTests.m */ = {isa = PBXFileReference; lastKnownFileType = sourcecode.c.objc; path = ClarifaiApiDemoTests.m; sourceTree = "<group>"; };
		8BDB2D931CA860410091DFAF /* AppDelegate.h */ = {isa = PBXFileReference; fileEncoding = 4; lastKnownFileType = sourcecode.c.h; path = AppDelegate.h; sourceTree = "<group>"; };
		8BDB2D941CA860410091DFAF /* AppDelegate.m */ = {isa = PBXFileReference; fileEncoding = 4; lastKnownFileType = sourcecode.c.objc; path = AppDelegate.m; sourceTree = "<group>"; };
		8BDB2D961CA860410091DFAF /* Base */ = {isa = PBXFileReference; lastKnownFileType = file.xib; name = Base; path = Base.lproj/LaunchScreen.xib; sourceTree = "<group>"; };
		8BDB2D981CA860410091DFAF /* Base */ = {isa = PBXFileReference; lastKnownFileType = file.storyboard; name = Base; path = Base.lproj/Main.storyboard; sourceTree = "<group>"; };
		8BDB2D991CA860410091DFAF /* ClarifaiApiDemo-Bridging-Header.h */ = {isa = PBXFileReference; fileEncoding = 4; lastKnownFileType = sourcecode.c.h; path = "ClarifaiApiDemo-Bridging-Header.h"; sourceTree = "<group>"; };
		8BDB2D9A1CA860410091DFAF /* ClarifaiClient.h */ = {isa = PBXFileReference; fileEncoding = 4; lastKnownFileType = sourcecode.c.h; path = ClarifaiClient.h; sourceTree = "<group>"; };
		8BDB2D9B1CA860410091DFAF /* ClarifaiClient.m */ = {isa = PBXFileReference; fileEncoding = 4; lastKnownFileType = sourcecode.c.objc; path = ClarifaiClient.m; sourceTree = "<group>"; };
		8BDB2D9C1CA860410091DFAF /* Credentials.swift */ = {isa = PBXFileReference; fileEncoding = 4; lastKnownFileType = sourcecode.swift; path = Credentials.swift; sourceTree = "<group>"; };
		8BDB2D9D1CA860410091DFAF /* Food.swift */ = {isa = PBXFileReference; fileEncoding = 4; lastKnownFileType = sourcecode.swift; path = Food.swift; sourceTree = "<group>"; };
		8BDB2D9E1CA860410091DFAF /* Images.xcassets */ = {isa = PBXFileReference; lastKnownFileType = folder.assetcatalog; path = Images.xcassets; sourceTree = "<group>"; };
		8BDB2D9F1CA860410091DFAF /* Info.plist */ = {isa = PBXFileReference; fileEncoding = 4; lastKnownFileType = text.plist.xml; path = Info.plist; sourceTree = "<group>"; };
		8BDB2DA01CA860410091DFAF /* main.m */ = {isa = PBXFileReference; fileEncoding = 4; lastKnownFileType = sourcecode.c.objc; path = main.m; sourceTree = "<group>"; };
		8BDB2DA11CA860410091DFAF /* RecognitionVC.swift */ = {isa = PBXFileReference; fileEncoding = 4; lastKnownFileType = sourcecode.swift; path = RecognitionVC.swift; sourceTree = "<group>"; };
		8BDB2DA21CA860410091DFAF /* RecognitionViewController.h */ = {isa = PBXFileReference; fileEncoding = 4; lastKnownFileType = sourcecode.c.h; path = RecognitionViewController.h; sourceTree = "<group>"; };
		8BDB2DA31CA860410091DFAF /* RecognitionViewController.m */ = {isa = PBXFileReference; fileEncoding = 4; lastKnownFileType = sourcecode.c.objc; path = RecognitionViewController.m; sourceTree = "<group>"; };
		8BDB2DA51CA860410091DFAF /* AsyncButton.swift */ = {isa = PBXFileReference; fileEncoding = 4; lastKnownFileType = sourcecode.swift; path = AsyncButton.swift; sourceTree = "<group>"; };
		8BDB2DA61CA860410091DFAF /* AsyncImageView.swift */ = {isa = PBXFileReference; fileEncoding = 4; lastKnownFileType = sourcecode.swift; path = AsyncImageView.swift; sourceTree = "<group>"; };
		8BDB2DA71CA860410091DFAF /* AutoTextView.swift */ = {isa = PBXFileReference; fileEncoding = 4; lastKnownFileType = sourcecode.swift; path = AutoTextView.swift; sourceTree = "<group>"; };
		8BDB2DA81CA860410091DFAF /* BlurView.swift */ = {isa = PBXFileReference; fileEncoding = 4; lastKnownFileType = sourcecode.swift; path = BlurView.swift; sourceTree = "<group>"; };
		8BDB2DA91CA860410091DFAF /* DesignableButton.swift */ = {isa = PBXFileReference; fileEncoding = 4; lastKnownFileType = sourcecode.swift; path = DesignableButton.swift; sourceTree = "<group>"; };
		8BDB2DAA1CA860410091DFAF /* DesignableImageView.swift */ = {isa = PBXFileReference; fileEncoding = 4; lastKnownFileType = sourcecode.swift; path = DesignableImageView.swift; sourceTree = "<group>"; };
		8BDB2DAB1CA860410091DFAF /* DesignableLabel.swift */ = {isa = PBXFileReference; fileEncoding = 4; lastKnownFileType = sourcecode.swift; path = DesignableLabel.swift; sourceTree = "<group>"; };
		8BDB2DAC1CA860410091DFAF /* DesignableTabBarController.swift */ = {isa = PBXFileReference; fileEncoding = 4; lastKnownFileType = sourcecode.swift; path = DesignableTabBarController.swift; sourceTree = "<group>"; };
		8BDB2DAD1CA860410091DFAF /* DesignableTextField.swift */ = {isa = PBXFileReference; fileEncoding = 4; lastKnownFileType = sourcecode.swift; path = DesignableTextField.swift; sourceTree = "<group>"; };
		8BDB2DAE1CA860410091DFAF /* DesignableTextView.swift */ = {isa = PBXFileReference; fileEncoding = 4; lastKnownFileType = sourcecode.swift; path = DesignableTextView.swift; sourceTree = "<group>"; };
		8BDB2DAF1CA860410091DFAF /* DesignableView.swift */ = {isa = PBXFileReference; fileEncoding = 4; lastKnownFileType = sourcecode.swift; path = DesignableView.swift; sourceTree = "<group>"; };
		8BDB2DB01CA860410091DFAF /* FridgeVC.swift */ = {isa = PBXFileReference; fileEncoding = 4; lastKnownFileType = sourcecode.swift; path = FridgeVC.swift; sourceTree = "<group>"; };
		8BDB2DB11CA860410091DFAF /* ImageLoader.swift */ = {isa = PBXFileReference; fileEncoding = 4; lastKnownFileType = sourcecode.swift; path = ImageLoader.swift; sourceTree = "<group>"; };
		8BDB2DB21CA860410091DFAF /* Info.plist */ = {isa = PBXFileReference; fileEncoding = 4; lastKnownFileType = text.plist.xml; path = Info.plist; sourceTree = "<group>"; };
		8BDB2DB31CA860410091DFAF /* KeyboardLayoutConstraint.swift */ = {isa = PBXFileReference; fileEncoding = 4; lastKnownFileType = sourcecode.swift; path = KeyboardLayoutConstraint.swift; sourceTree = "<group>"; };
		8BDB2DB41CA860410091DFAF /* LoadingView.swift */ = {isa = PBXFileReference; fileEncoding = 4; lastKnownFileType = sourcecode.swift; path = LoadingView.swift; sourceTree = "<group>"; };
		8BDB2DB51CA860410091DFAF /* LoadingView.xib */ = {isa = PBXFileReference; fileEncoding = 4; lastKnownFileType = file.xib; path = LoadingView.xib; sourceTree = "<group>"; };
		8BDB2DB61CA860410091DFAF /* Misc.swift */ = {isa = PBXFileReference; fileEncoding = 4; lastKnownFileType = sourcecode.swift; path = Misc.swift; sourceTree = "<group>"; };
		8BDB2DB71CA860410091DFAF /* SoundPlayer.swift */ = {isa = PBXFileReference; fileEncoding = 4; lastKnownFileType = sourcecode.swift; path = SoundPlayer.swift; sourceTree = "<group>"; };
		8BDB2DB81CA860410091DFAF /* Spring.h */ = {isa = PBXFileReference; fileEncoding = 4; lastKnownFileType = sourcecode.c.h; path = Spring.h; sourceTree = "<group>"; };
		8BDB2DB91CA860410091DFAF /* Spring.swift */ = {isa = PBXFileReference; fileEncoding = 4; lastKnownFileType = sourcecode.swift; path = Spring.swift; sourceTree = "<group>"; };
		8BDB2DBA1CA860410091DFAF /* SpringAnimation.swift */ = {isa = PBXFileReference; fileEncoding = 4; lastKnownFileType = sourcecode.swift; path = SpringAnimation.swift; sourceTree = "<group>"; };
		8BDB2DBB1CA860410091DFAF /* SpringButton.swift */ = {isa = PBXFileReference; fileEncoding = 4; lastKnownFileType = sourcecode.swift; path = SpringButton.swift; sourceTree = "<group>"; };
		8BDB2DBC1CA860410091DFAF /* SpringImageView.swift */ = {isa = PBXFileReference; fileEncoding = 4; lastKnownFileType = sourcecode.swift; path = SpringImageView.swift; sourceTree = "<group>"; };
		8BDB2DBD1CA860410091DFAF /* SpringLabel.swift */ = {isa = PBXFileReference; fileEncoding = 4; lastKnownFileType = sourcecode.swift; path = SpringLabel.swift; sourceTree = "<group>"; };
		8BDB2DBE1CA860410091DFAF /* SpringTextField.swift */ = {isa = PBXFileReference; fileEncoding = 4; lastKnownFileType = sourcecode.swift; path = SpringTextField.swift; sourceTree = "<group>"; };
		8BDB2DBF1CA860410091DFAF /* SpringTextView.swift */ = {isa = PBXFileReference; fileEncoding = 4; lastKnownFileType = sourcecode.swift; path = SpringTextView.swift; sourceTree = "<group>"; };
		8BDB2DC01CA860410091DFAF /* SpringView.swift */ = {isa = PBXFileReference; fileEncoding = 4; lastKnownFileType = sourcecode.swift; path = SpringView.swift; sourceTree = "<group>"; };
		8BDB2DC11CA860410091DFAF /* UnwindSegue.swift */ = {isa = PBXFileReference; fileEncoding = 4; lastKnownFileType = sourcecode.swift; path = UnwindSegue.swift; sourceTree = "<group>"; };
		8BDB2DC21CA860410091DFAF /* SwiftRecognitionViewController.swift */ = {isa = PBXFileReference; fileEncoding = 4; lastKnownFileType = sourcecode.swift; path = SwiftRecognitionViewController.swift; sourceTree = "<group>"; };
/* End PBXFileReference section */

/* Begin PBXFrameworksBuildPhase section */
		408D39521BACA1FA00C5608B /* Frameworks */ = {
			isa = PBXFrameworksBuildPhase;
			buildActionMask = 2147483647;
			files = (
				FC12E59910C87E79C8B871D6 /* Pods_ClarifaiApiDemo.framework in Frameworks */,
			);
			runOnlyForDeploymentPostprocessing = 0;
		};
		408D396B1BACA1FA00C5608B /* Frameworks */ = {
			isa = PBXFrameworksBuildPhase;
			buildActionMask = 2147483647;
			files = (
			);
			runOnlyForDeploymentPostprocessing = 0;
		};
/* End PBXFrameworksBuildPhase section */

/* Begin PBXGroup section */
		408D394C1BACA1FA00C5608B = {
			isa = PBXGroup;
			children = (
				8BDB2D921CA860410091DFAF /* Foodini */,
				408D39711BACA1FA00C5608B /* ClarifaiApiDemoTests */,
				408D39561BACA1FA00C5608B /* Products */,
				70057D02BE2C147CA2058B7D /* Pods */,
				B3D5CE5DCC12FDEE33B911C2 /* Frameworks */,
			);
			sourceTree = "<group>";
		};
		408D39561BACA1FA00C5608B /* Products */ = {
			isa = PBXGroup;
			children = (
				408D39551BACA1FA00C5608B /* Foodini.app */,
				408D396E1BACA1FA00C5608B /* Foodini.xctest */,
			);
			name = Products;
			sourceTree = "<group>";
		};
		408D39711BACA1FA00C5608B /* ClarifaiApiDemoTests */ = {
			isa = PBXGroup;
			children = (
				408D39741BACA1FA00C5608B /* ClarifaiApiDemoTests.m */,
				408D39721BACA1FA00C5608B /* Supporting Files */,
			);
			path = ClarifaiApiDemoTests;
			sourceTree = "<group>";
		};
		408D39721BACA1FA00C5608B /* Supporting Files */ = {
			isa = PBXGroup;
			children = (
				408D39731BACA1FA00C5608B /* Info.plist */,
			);
			name = "Supporting Files";
			sourceTree = "<group>";
		};
		70057D02BE2C147CA2058B7D /* Pods */ = {
			isa = PBXGroup;
			children = (
				210D6046DE03F46F0C90049F /* Pods-ClarifaiApiDemo.debug.xcconfig */,
				2C96310E8AE89EB32A1BF45E /* Pods-ClarifaiApiDemo.release.xcconfig */,
			);
			name = Pods;
			sourceTree = "<group>";
		};
		8BDB2D921CA860410091DFAF /* Foodini */ = {
			isa = PBXGroup;
			children = (
				8BDB2D931CA860410091DFAF /* AppDelegate.h */,
				8BDB2D941CA860410091DFAF /* AppDelegate.m */,
				8BDB2D951CA860410091DFAF /* LaunchScreen.xib */,
				8BDB2D971CA860410091DFAF /* Main.storyboard */,
				8BDB2D991CA860410091DFAF /* ClarifaiApiDemo-Bridging-Header.h */,
				8BDB2D9A1CA860410091DFAF /* ClarifaiClient.h */,
				8BDB2D9B1CA860410091DFAF /* ClarifaiClient.m */,
				8BDB2D9C1CA860410091DFAF /* Credentials.swift */,
				8BDB2D9D1CA860410091DFAF /* Food.swift */,
				8BDB2D9E1CA860410091DFAF /* Images.xcassets */,
				8BDB2D9F1CA860410091DFAF /* Info.plist */,
				8BDB2DA01CA860410091DFAF /* main.m */,
				8BDB2DA11CA860410091DFAF /* RecognitionVC.swift */,
				8BDB2DA21CA860410091DFAF /* RecognitionViewController.h */,
				8BDB2DA31CA860410091DFAF /* RecognitionViewController.m */,
				8BDB2DA41CA860410091DFAF /* Spring */,
				8BDB2DC21CA860410091DFAF /* SwiftRecognitionViewController.swift */,
			);
			path = Foodini;
			sourceTree = "<group>";
		};
		8BDB2DA41CA860410091DFAF /* Spring */ = {
			isa = PBXGroup;
			children = (
				8BDB2DA51CA860410091DFAF /* AsyncButton.swift */,
				8BDB2DA61CA860410091DFAF /* AsyncImageView.swift */,
				8BDB2DA71CA860410091DFAF /* AutoTextView.swift */,
				8BDB2DA81CA860410091DFAF /* BlurView.swift */,
				8BDB2DA91CA860410091DFAF /* DesignableButton.swift */,
				8BDB2DAA1CA860410091DFAF /* DesignableImageView.swift */,
				8BDB2DAB1CA860410091DFAF /* DesignableLabel.swift */,
				8BDB2DAC1CA860410091DFAF /* DesignableTabBarController.swift */,
				8BDB2DAD1CA860410091DFAF /* DesignableTextField.swift */,
				8BDB2DAE1CA860410091DFAF /* DesignableTextView.swift */,
				8BDB2DAF1CA860410091DFAF /* DesignableView.swift */,
				8BDB2DB01CA860410091DFAF /* FridgeVC.swift */,
				8BDB2DB11CA860410091DFAF /* ImageLoader.swift */,
				8BDB2DB21CA860410091DFAF /* Info.plist */,
				8BDB2DB31CA860410091DFAF /* KeyboardLayoutConstraint.swift */,
				8BDB2DB41CA860410091DFAF /* LoadingView.swift */,
				8BDB2DB51CA860410091DFAF /* LoadingView.xib */,
				8BDB2DB61CA860410091DFAF /* Misc.swift */,
				8BDB2DB71CA860410091DFAF /* SoundPlayer.swift */,
				8BDB2DB81CA860410091DFAF /* Spring.h */,
				8BDB2DB91CA860410091DFAF /* Spring.swift */,
				8BDB2DBA1CA860410091DFAF /* SpringAnimation.swift */,
				8BDB2DBB1CA860410091DFAF /* SpringButton.swift */,
				8BDB2DBC1CA860410091DFAF /* SpringImageView.swift */,
				8BDB2DBD1CA860410091DFAF /* SpringLabel.swift */,
				8BDB2DBE1CA860410091DFAF /* SpringTextField.swift */,
				8BDB2DBF1CA860410091DFAF /* SpringTextView.swift */,
				8BDB2DC01CA860410091DFAF /* SpringView.swift */,
				8BDB2DC11CA860410091DFAF /* UnwindSegue.swift */,
			);
			path = Spring;
			sourceTree = "<group>";
		};
		B3D5CE5DCC12FDEE33B911C2 /* Frameworks */ = {
			isa = PBXGroup;
			children = (
				0FC22599E9FCF31EEFE353A4 /* Pods_ClarifaiApiDemo.framework */,
			);
			name = Frameworks;
			sourceTree = "<group>";
		};
/* End PBXGroup section */

/* Begin PBXNativeTarget section */
		408D39541BACA1FA00C5608B /* Foodini */ = {
			isa = PBXNativeTarget;
			buildConfigurationList = 408D39781BACA1FA00C5608B /* Build configuration list for PBXNativeTarget "Foodini" */;
			buildPhases = (
				6B0F309093B45DA44CC62E2B /* Check Pods Manifest.lock */,
				408D39511BACA1FA00C5608B /* Sources */,
				408D39521BACA1FA00C5608B /* Frameworks */,
				408D39531BACA1FA00C5608B /* Resources */,
				11374F1E7949B08128993552 /* Copy Pods Resources */,
				ACFB00216CB35F99884A3BAC /* Embed Pods Frameworks */,
			);
			buildRules = (
			);
			dependencies = (
			);
			name = Foodini;
			productName = ClarifaiApiDemo;
			productReference = 408D39551BACA1FA00C5608B /* Foodini.app */;
			productType = "com.apple.product-type.application";
		};
		408D396D1BACA1FA00C5608B /* FoodiniTests */ = {
			isa = PBXNativeTarget;
			buildConfigurationList = 408D397B1BACA1FA00C5608B /* Build configuration list for PBXNativeTarget "FoodiniTests" */;
			buildPhases = (
				408D396A1BACA1FA00C5608B /* Sources */,
				408D396B1BACA1FA00C5608B /* Frameworks */,
				408D396C1BACA1FA00C5608B /* Resources */,
			);
			buildRules = (
			);
			dependencies = (
				408D39701BACA1FA00C5608B /* PBXTargetDependency */,
			);
			name = FoodiniTests;
			productName = ClarifaiApiDemoTests;
			productReference = 408D396E1BACA1FA00C5608B /* Foodini.xctest */;
			productType = "com.apple.product-type.bundle.unit-test";
		};
/* End PBXNativeTarget section */

/* Begin PBXProject section */
		408D394D1BACA1FA00C5608B /* Project object */ = {
			isa = PBXProject;
			attributes = {
				LastSwiftMigration = 0700;
				LastSwiftUpdateCheck = 0700;
				LastUpgradeCheck = 0700;
				ORGANIZATIONNAME = "Clarifai, Inc.";
				TargetAttributes = {
					408D39541BACA1FA00C5608B = {
						CreatedOnToolsVersion = 6.4;
						DevelopmentTeam = 428436CX88;
					};
					408D396D1BACA1FA00C5608B = {
						CreatedOnToolsVersion = 6.4;
						TestTargetID = 408D39541BACA1FA00C5608B;
					};
				};
			};
			buildConfigurationList = 408D39501BACA1FA00C5608B /* Build configuration list for PBXProject "Foodini" */;
			compatibilityVersion = "Xcode 3.2";
			developmentRegion = English;
			hasScannedForEncodings = 0;
			knownRegions = (
				en,
				Base,
			);
			mainGroup = 408D394C1BACA1FA00C5608B;
			productRefGroup = 408D39561BACA1FA00C5608B /* Products */;
			projectDirPath = "";
			projectRoot = "";
			targets = (
				408D39541BACA1FA00C5608B /* Foodini */,
				408D396D1BACA1FA00C5608B /* FoodiniTests */,
			);
		};
/* End PBXProject section */

/* Begin PBXResourcesBuildPhase section */
		408D39531BACA1FA00C5608B /* Resources */ = {
			isa = PBXResourcesBuildPhase;
			buildActionMask = 2147483647;
			files = (
				8BDB2DCA1CA860410091DFAF /* Info.plist in Resources */,
				8BDB2DC91CA860410091DFAF /* Images.xcassets in Resources */,
				8BDB2DC41CA860410091DFAF /* LaunchScreen.xib in Resources */,
				8BDB2DDE1CA860410091DFAF /* LoadingView.xib in Resources */,
				8BDB2DDB1CA860410091DFAF /* Info.plist in Resources */,
				8BDB2DC51CA860410091DFAF /* Main.storyboard in Resources */,
			);
			runOnlyForDeploymentPostprocessing = 0;
		};
		408D396C1BACA1FA00C5608B /* Resources */ = {
			isa = PBXResourcesBuildPhase;
			buildActionMask = 2147483647;
			files = (
			);
			runOnlyForDeploymentPostprocessing = 0;
		};
/* End PBXResourcesBuildPhase section */

/* Begin PBXShellScriptBuildPhase section */
		11374F1E7949B08128993552 /* Copy Pods Resources */ = {
			isa = PBXShellScriptBuildPhase;
			buildActionMask = 2147483647;
			files = (
			);
			inputPaths = (
			);
			name = "Copy Pods Resources";
			outputPaths = (
			);
			runOnlyForDeploymentPostprocessing = 0;
			shellPath = /bin/sh;
			shellScript = "\"${SRCROOT}/Pods/Target Support Files/Pods-ClarifaiApiDemo/Pods-ClarifaiApiDemo-resources.sh\"\n";
			showEnvVarsInLog = 0;
		};
		6B0F309093B45DA44CC62E2B /* Check Pods Manifest.lock */ = {
			isa = PBXShellScriptBuildPhase;
			buildActionMask = 2147483647;
			files = (
			);
			inputPaths = (
			);
			name = "Check Pods Manifest.lock";
			outputPaths = (
			);
			runOnlyForDeploymentPostprocessing = 0;
			shellPath = /bin/sh;
			shellScript = "diff \"${PODS_ROOT}/../Podfile.lock\" \"${PODS_ROOT}/Manifest.lock\" > /dev/null\nif [[ $? != 0 ]] ; then\n    cat << EOM\nerror: The sandbox is not in sync with the Podfile.lock. Run 'pod install' or update your CocoaPods installation.\nEOM\n    exit 1\nfi\n";
			showEnvVarsInLog = 0;
		};
		ACFB00216CB35F99884A3BAC /* Embed Pods Frameworks */ = {
			isa = PBXShellScriptBuildPhase;
			buildActionMask = 2147483647;
			files = (
			);
			inputPaths = (
			);
			name = "Embed Pods Frameworks";
			outputPaths = (
			);
			runOnlyForDeploymentPostprocessing = 0;
			shellPath = /bin/sh;
			shellScript = "\"${SRCROOT}/Pods/Target Support Files/Pods-ClarifaiApiDemo/Pods-ClarifaiApiDemo-frameworks.sh\"\n";
			showEnvVarsInLog = 0;
		};
/* End PBXShellScriptBuildPhase section */

/* Begin PBXSourcesBuildPhase section */
		408D39511BACA1FA00C5608B /* Sources */ = {
			isa = PBXSourcesBuildPhase;
			buildActionMask = 2147483647;
			files = (
				8BDB2DD31CA860410091DFAF /* DesignableImageView.swift in Sources */,
				8BDB2DE11CA860410091DFAF /* Spring.swift in Sources */,
				8BDB2DD51CA860410091DFAF /* DesignableTabBarController.swift in Sources */,
				8BDB2DDA1CA860410091DFAF /* ImageLoader.swift in Sources */,
				8BDB2DDD1CA860410091DFAF /* LoadingView.swift in Sources */,
				8BDB2DE31CA860410091DFAF /* SpringButton.swift in Sources */,
				8BDB2DCD1CA860410091DFAF /* RecognitionViewController.m in Sources */,
				8BDB2DE51CA860410091DFAF /* SpringLabel.swift in Sources */,
				8BDB2DD71CA860410091DFAF /* DesignableTextView.swift in Sources */,
				8BDB2DCB1CA860410091DFAF /* main.m in Sources */,
				8BDB2DE41CA860410091DFAF /* SpringImageView.swift in Sources */,
				8BDB2DC71CA860410091DFAF /* Credentials.swift in Sources */,
				8BDB2DE61CA860410091DFAF /* SpringTextField.swift in Sources */,
				8BDB2DCC1CA860410091DFAF /* RecognitionVC.swift in Sources */,
				8BDB2DD11CA860410091DFAF /* BlurView.swift in Sources */,
				8BDB2DE01CA860410091DFAF /* SoundPlayer.swift in Sources */,
				8BDB2DD81CA860410091DFAF /* DesignableView.swift in Sources */,
				8BDB2DD01CA860410091DFAF /* AutoTextView.swift in Sources */,
				8BDB2DE91CA860410091DFAF /* UnwindSegue.swift in Sources */,
				8BDB2DDC1CA860410091DFAF /* KeyboardLayoutConstraint.swift in Sources */,
				8BDB2DE21CA860410091DFAF /* SpringAnimation.swift in Sources */,
				8BDB2DDF1CA860410091DFAF /* Misc.swift in Sources */,
				8BDB2DEA1CA860410091DFAF /* SwiftRecognitionViewController.swift in Sources */,
				8BDB2DC81CA860410091DFAF /* Food.swift in Sources */,
				8BDB2DCF1CA860410091DFAF /* AsyncImageView.swift in Sources */,
				8BDB2DC31CA860410091DFAF /* AppDelegate.m in Sources */,
				8BDB2DD61CA860410091DFAF /* DesignableTextField.swift in Sources */,
				8BDB2DE81CA860410091DFAF /* SpringView.swift in Sources */,
				8BDB2DCE1CA860410091DFAF /* AsyncButton.swift in Sources */,
				8BDB2DD91CA860410091DFAF /* FridgeVC.swift in Sources */,
				8BDB2DE71CA860410091DFAF /* SpringTextView.swift in Sources */,
				8BDB2DC61CA860410091DFAF /* ClarifaiClient.m in Sources */,
				8BDB2DD41CA860410091DFAF /* DesignableLabel.swift in Sources */,
				8BDB2DD21CA860410091DFAF /* DesignableButton.swift in Sources */,
			);
			runOnlyForDeploymentPostprocessing = 0;
		};
		408D396A1BACA1FA00C5608B /* Sources */ = {
			isa = PBXSourcesBuildPhase;
			buildActionMask = 2147483647;
			files = (
				408D39751BACA1FA00C5608B /* ClarifaiApiDemoTests.m in Sources */,
			);
			runOnlyForDeploymentPostprocessing = 0;
		};
/* End PBXSourcesBuildPhase section */

/* Begin PBXTargetDependency section */
		408D39701BACA1FA00C5608B /* PBXTargetDependency */ = {
			isa = PBXTargetDependency;
			target = 408D39541BACA1FA00C5608B /* Foodini */;
			targetProxy = 408D396F1BACA1FA00C5608B /* PBXContainerItemProxy */;
		};
/* End PBXTargetDependency section */

/* Begin PBXVariantGroup section */
		8BDB2D951CA860410091DFAF /* LaunchScreen.xib */ = {
			isa = PBXVariantGroup;
			children = (
				8BDB2D961CA860410091DFAF /* Base */,
			);
			name = LaunchScreen.xib;
			sourceTree = "<group>";
		};
		8BDB2D971CA860410091DFAF /* Main.storyboard */ = {
			isa = PBXVariantGroup;
			children = (
				8BDB2D981CA860410091DFAF /* Base */,
			);
			name = Main.storyboard;
			sourceTree = "<group>";
		};
/* End PBXVariantGroup section */

/* Begin XCBuildConfiguration section */
		408D39761BACA1FA00C5608B /* Debug */ = {
			isa = XCBuildConfiguration;
			buildSettings = {
				ALWAYS_SEARCH_USER_PATHS = NO;
				CLANG_CXX_LANGUAGE_STANDARD = "gnu++0x";
				CLANG_CXX_LIBRARY = "libc++";
				CLANG_ENABLE_MODULES = YES;
				CLANG_ENABLE_OBJC_ARC = YES;
				CLANG_WARN_BOOL_CONVERSION = YES;
				CLANG_WARN_CONSTANT_CONVERSION = YES;
				CLANG_WARN_DIRECT_OBJC_ISA_USAGE = YES_ERROR;
				CLANG_WARN_EMPTY_BODY = YES;
				CLANG_WARN_ENUM_CONVERSION = YES;
				CLANG_WARN_INT_CONVERSION = YES;
				CLANG_WARN_OBJC_ROOT_CLASS = YES_ERROR;
				CLANG_WARN_UNREACHABLE_CODE = YES;
				CLANG_WARN__DUPLICATE_METHOD_MATCH = YES;
				"CODE_SIGN_IDENTITY[sdk=iphoneos*]" = "iPhone Developer";
				COPY_PHASE_STRIP = NO;
				DEBUG_INFORMATION_FORMAT = "dwarf-with-dsym";
				ENABLE_STRICT_OBJC_MSGSEND = YES;
				ENABLE_TESTABILITY = YES;
				GCC_C_LANGUAGE_STANDARD = gnu99;
				GCC_DYNAMIC_NO_PIC = NO;
				GCC_NO_COMMON_BLOCKS = YES;
				GCC_OPTIMIZATION_LEVEL = 0;
				GCC_PREPROCESSOR_DEFINITIONS = (
					"DEBUG=1",
					"$(inherited)",
				);
				GCC_SYMBOLS_PRIVATE_EXTERN = NO;
				GCC_WARN_64_TO_32_BIT_CONVERSION = YES;
				GCC_WARN_ABOUT_RETURN_TYPE = YES_ERROR;
				GCC_WARN_UNDECLARED_SELECTOR = YES;
				GCC_WARN_UNINITIALIZED_AUTOS = YES_AGGRESSIVE;
				GCC_WARN_UNUSED_FUNCTION = YES;
				GCC_WARN_UNUSED_VARIABLE = YES;
				IPHONEOS_DEPLOYMENT_TARGET = 8.4;
				MTL_ENABLE_DEBUG_INFO = YES;
				ONLY_ACTIVE_ARCH = YES;
				SDKROOT = iphoneos;
			};
			name = Debug;
		};
		408D39771BACA1FA00C5608B /* Release */ = {
			isa = XCBuildConfiguration;
			buildSettings = {
				ALWAYS_SEARCH_USER_PATHS = NO;
				CLANG_CXX_LANGUAGE_STANDARD = "gnu++0x";
				CLANG_CXX_LIBRARY = "libc++";
				CLANG_ENABLE_MODULES = YES;
				CLANG_ENABLE_OBJC_ARC = YES;
				CLANG_WARN_BOOL_CONVERSION = YES;
				CLANG_WARN_CONSTANT_CONVERSION = YES;
				CLANG_WARN_DIRECT_OBJC_ISA_USAGE = YES_ERROR;
				CLANG_WARN_EMPTY_BODY = YES;
				CLANG_WARN_ENUM_CONVERSION = YES;
				CLANG_WARN_INT_CONVERSION = YES;
				CLANG_WARN_OBJC_ROOT_CLASS = YES_ERROR;
				CLANG_WARN_UNREACHABLE_CODE = YES;
				CLANG_WARN__DUPLICATE_METHOD_MATCH = YES;
				"CODE_SIGN_IDENTITY[sdk=iphoneos*]" = "iPhone Developer";
				COPY_PHASE_STRIP = NO;
				DEBUG_INFORMATION_FORMAT = "dwarf-with-dsym";
				ENABLE_NS_ASSERTIONS = NO;
				ENABLE_STRICT_OBJC_MSGSEND = YES;
				GCC_C_LANGUAGE_STANDARD = gnu99;
				GCC_NO_COMMON_BLOCKS = YES;
				GCC_WARN_64_TO_32_BIT_CONVERSION = YES;
				GCC_WARN_ABOUT_RETURN_TYPE = YES_ERROR;
				GCC_WARN_UNDECLARED_SELECTOR = YES;
				GCC_WARN_UNINITIALIZED_AUTOS = YES_AGGRESSIVE;
				GCC_WARN_UNUSED_FUNCTION = YES;
				GCC_WARN_UNUSED_VARIABLE = YES;
				IPHONEOS_DEPLOYMENT_TARGET = 8.4;
				MTL_ENABLE_DEBUG_INFO = NO;
				SDKROOT = iphoneos;
				VALIDATE_PRODUCT = YES;
			};
			name = Release;
		};
		408D39791BACA1FA00C5608B /* Debug */ = {
			isa = XCBuildConfiguration;
			baseConfigurationReference = 210D6046DE03F46F0C90049F /* Pods-ClarifaiApiDemo.debug.xcconfig */;
			buildSettings = {
				ASSETCATALOG_COMPILER_APPICON_NAME = AppIcon;
				CLANG_ENABLE_MODULES = YES;
				CODE_SIGN_IDENTITY = "iPhone Developer";
				"CODE_SIGN_IDENTITY[sdk=iphoneos*]" = "iPhone Developer";
				INFOPLIST_FILE = "$(SRCROOT)/Foodini/Info.plist";
				IPHONEOS_DEPLOYMENT_TARGET = 9.0;
				LD_RUNPATH_SEARCH_PATHS = "$(inherited) @executable_path/Frameworks";
				PRODUCT_BUNDLE_IDENTIFIER = com.vshenoy.foodini;
				PRODUCT_NAME = Foodini;
				PROVISIONING_PROFILE = "";
				SWIFT_OBJC_BRIDGING_HEADER = "ClarifaiApiDemo/ClarifaiApiDemo-Bridging-Header.h";
				SWIFT_OPTIMIZATION_LEVEL = "-Onone";
			};
			name = Debug;
		};
		408D397A1BACA1FA00C5608B /* Release */ = {
			isa = XCBuildConfiguration;
			baseConfigurationReference = 2C96310E8AE89EB32A1BF45E /* Pods-ClarifaiApiDemo.release.xcconfig */;
			buildSettings = {
				ASSETCATALOG_COMPILER_APPICON_NAME = AppIcon;
				CLANG_ENABLE_MODULES = YES;
				CODE_SIGN_IDENTITY = "iPhone Developer";
				"CODE_SIGN_IDENTITY[sdk=iphoneos*]" = "iPhone Developer";
				INFOPLIST_FILE = "$(SRCROOT)/Foodini/Info.plist";
				IPHONEOS_DEPLOYMENT_TARGET = 9.0;
				LD_RUNPATH_SEARCH_PATHS = "$(inherited) @executable_path/Frameworks";
				PRODUCT_BUNDLE_IDENTIFIER = com.vshenoy.foodini;
				PRODUCT_NAME = Foodini;
				PROVISIONING_PROFILE = "";
				SWIFT_OBJC_BRIDGING_HEADER = "ClarifaiApiDemo/ClarifaiApiDemo-Bridging-Header.h";
			};
			name = Release;
		};
		408D397C1BACA1FA00C5608B /* Debug */ = {
			isa = XCBuildConfiguration;
			buildSettings = {
				BUNDLE_LOADER = "$(TEST_HOST)";
				FRAMEWORK_SEARCH_PATHS = "$(inherited)";
				GCC_PREPROCESSOR_DEFINITIONS = (
					"DEBUG=1",
					"$(inherited)",
				);
				INFOPLIST_FILE = ClarifaiApiDemoTests/Info.plist;
				LD_RUNPATH_SEARCH_PATHS = "$(inherited) @executable_path/Frameworks @loader_path/Frameworks";
				PRODUCT_BUNDLE_IDENTIFIER = "com.clarifai.$(PRODUCT_NAME:rfc1034identifier)";
				PRODUCT_NAME = Foodini;
				TEST_HOST = "$(BUILT_PRODUCTS_DIR)/Foodini.app/Foodini";
			};
			name = Debug;
		};
		408D397D1BACA1FA00C5608B /* Release */ = {
			isa = XCBuildConfiguration;
			buildSettings = {
				BUNDLE_LOADER = "$(TEST_HOST)";
				FRAMEWORK_SEARCH_PATHS = "$(inherited)";
				INFOPLIST_FILE = ClarifaiApiDemoTests/Info.plist;
				LD_RUNPATH_SEARCH_PATHS = "$(inherited) @executable_path/Frameworks @loader_path/Frameworks";
				PRODUCT_BUNDLE_IDENTIFIER = "com.clarifai.$(PRODUCT_NAME:rfc1034identifier)";
				PRODUCT_NAME = Foodini;
				TEST_HOST = "$(BUILT_PRODUCTS_DIR)/Foodini.app/Foodini";
			};
			name = Release;
		};
/* End XCBuildConfiguration section */

/* Begin XCConfigurationList section */
		408D39501BACA1FA00C5608B /* Build configuration list for PBXProject "Foodini" */ = {
			isa = XCConfigurationList;
			buildConfigurations = (
				408D39761BACA1FA00C5608B /* Debug */,
				408D39771BACA1FA00C5608B /* Release */,
			);
			defaultConfigurationIsVisible = 0;
			defaultConfigurationName = Release;
		};
		408D39781BACA1FA00C5608B /* Build configuration list for PBXNativeTarget "Foodini" */ = {
			isa = XCConfigurationList;
			buildConfigurations = (
				408D39791BACA1FA00C5608B /* Debug */,
				408D397A1BACA1FA00C5608B /* Release */,
			);
			defaultConfigurationIsVisible = 0;
			defaultConfigurationName = Release;
		};
		408D397B1BACA1FA00C5608B /* Build configuration list for PBXNativeTarget "FoodiniTests" */ = {
			isa = XCConfigurationList;
			buildConfigurations = (
				408D397C1BACA1FA00C5608B /* Debug */,
				408D397D1BACA1FA00C5608B /* Release */,
			);
			defaultConfigurationIsVisible = 0;
			defaultConfigurationName = Release;
		};
/* End XCConfigurationList section */
	};
	rootObject = 408D394D1BACA1FA00C5608B /* Project object */;
}
